
Microsoft Visual Studio Solution File, Format Version 12.00
# Visual Studio Version 16
VisualStudioVersion = 16.0.29905.134
MinimumVisualStudioVersion = 10.0.40219.1
Project("{FAE04EC0-301F-11D3-BF4B-00C04F79EFBC}") = "Task2", "Task2\Task2.csproj", "{ECC201C9-7CE6-4067-908D-EB7FF62C2758}"
EndProject
Global
	GlobalSection(SolutionConfigurationPlatforms) = preSolution
		Debug|Any CPU = Debug|Any CPU
		Release|Any CPU = Release|Any CPU
	EndGlobalSection
	GlobalSection(ProjectConfigurationPlatforms) = postSolution
		{ECC201C9-7CE6-4067-908D-EB7FF62C2758}.Debug|Any CPU.ActiveCfg = Debug|Any CPU
		{ECC201C9-7CE6-4067-908D-EB7FF62C2758}.Debug|Any CPU.Build.0 = Debug|Any CPU
		{ECC201C9-7CE6-4067-908D-EB7FF62C2758}.Release|Any CPU.ActiveCfg = Release|Any CPU
		{ECC201C9-7CE6-4067-908D-EB7FF62C2758}.Release|Any CPU.Build.0 = Release|Any CPU
	EndGlobalSection
	GlobalSection(SolutionProperties) = preSolution
		HideSolutionNode = FALSE
	EndGlobalSection
	GlobalSection(ExtensibilityGlobals) = postSolution
		SolutionGuid = {A3EDDB22-EB0B-4FF3-B7A5-435A2F3EFE2D}
	EndGlobalSection
EndGlobal
