
Microsoft Visual Studio Solution File, Format Version 12.00
# Visual Studio Version 16
VisualStudioVersion = 16.0.29905.134
MinimumVisualStudioVersion = 10.0.40219.1
Project("{FAE04EC0-301F-11D3-BF4B-00C04F79EFBC}") = "Task1", "Task1\Task1.csproj", "{50C99463-6859-451D-AF37-CE55315D1707}"
EndProject
Global
	GlobalSection(SolutionConfigurationPlatforms) = preSolution
		Debug|Any CPU = Debug|Any CPU
		Release|Any CPU = Release|Any CPU
	EndGlobalSection
	GlobalSection(ProjectConfigurationPlatforms) = postSolution
		{50C99463-6859-451D-AF37-CE55315D1707}.Debug|Any CPU.ActiveCfg = Debug|Any CPU
		{50C99463-6859-451D-AF37-CE55315D1707}.Debug|Any CPU.Build.0 = Debug|Any CPU
		{50C99463-6859-451D-AF37-CE55315D1707}.Release|Any CPU.ActiveCfg = Release|Any CPU
		{50C99463-6859-451D-AF37-CE55315D1707}.Release|Any CPU.Build.0 = Release|Any CPU
	EndGlobalSection
	GlobalSection(SolutionProperties) = preSolution
		HideSolutionNode = FALSE
	EndGlobalSection
	GlobalSection(ExtensibilityGlobals) = postSolution
		SolutionGuid = {85AB85AB-FB01-405E-ACC1-6E24CCFA42F9}
	EndGlobalSection
EndGlobal
